{
  "lockfileVersion": 1,
  "configVersion": 1,
  "workspaces": {
    "": {
      "name": "tree-sitter-md",
      "devDependencies": {
        "tree-sitter-cli": "0.26.13",
        "web-tree-sitter": "0.27.0",
      },
      "peerDependencies": {
        "web-tree-sitter": "^0.27.0",
      },
    },
  },
  "packages": {
    "tree-sitter-cli": ["tree-sitter-cli@0.26.13", "", { "bin": { "tree-sitter": "cli.js" } }, "sha512-SIC74lxT2jsygxaIGGb50Bpf8jtll24aXju98Y3eJienBTXCRQ+5k3YigwN31pASEUZKcKh98EPSZWky7ugUMA=="],

    "web-tree-sitter": ["web-tree-sitter@0.27.0", "", {}, "sha512-XK08gj6RwTMQatAG7uVRP8MunqotL/XC19vHgkSPKmELgbGPBj4ECvB8haHOUnyj6ls2B8t42UTro14zxGgAHg=="],
  }
}
