{
  "lockfileVersion": 1,
  "configVersion": 1,
  "workspaces": {
    "": {
      "name": "tree-sitter-md",
      "devDependencies": {
        "web-tree-sitter": "github:ShaulLavo/tree-sitter-x#c5049e2",
      },
      "peerDependencies": {
        "web-tree-sitter": "*",
      },
    },
  },
  "packages": {
    "web-tree-sitter": ["web-tree-sitter@github:ShaulLavo/tree-sitter-x#c5049e2", {}, "ShaulLavo-tree-sitter-x-c5049e2", "sha512-bGhpFN1kjrzCTS8F0n0e7QQr+Loe2t3Xm/vTIK6wRFoW9Y+BDeSl9z3xiNZzdF4Tll0qYHlAFTl1qhGecqaiyA=="],
  }
}
